
Microsoft Visual Studio Solution File, Format Version 12.00
# Visual Studio 15
Project("{FAE04EC0-301F-11D3-BF4B-00C04F79EFBC}") = "Assembly-CSharp", "Assembly-CSharp.csproj", "{BBCB3A16-AEED-53C6-82BF-7BA39384495D}"
EndProject
Project("{FAE04EC0-301F-11D3-BF4B-00C04F79EFBC}") = "Assembly-CSharp-Editor", "Assembly-CSharp-Editor.csproj", "{0BDAC56B-C155-E135-E00D-719B61F907BE}"
EndProject
Global
	GlobalSection(SolutionConfigurationPlatforms) = preSolution
		Debug|Any CPU = Debug|Any CPU
		Release|Any CPU = Release|Any CPU
	EndGlobalSection
	GlobalSection(ProjectConfigurationPlatforms) = postSolution
		{BBCB3A16-AEED-53C6-82BF-7BA39384495D}.Debug|Any CPU.ActiveCfg = Debug|Any CPU
		{BBCB3A16-AEED-53C6-82BF-7BA39384495D}.Debug|Any CPU.Build.0 = Debug|Any CPU
		{BBCB3A16-AEED-53C6-82BF-7BA39384495D}.Release|Any CPU.ActiveCfg = Release|Any CPU
		{BBCB3A16-AEED-53C6-82BF-7BA39384495D}.Release|Any CPU.Build.0 = Release|Any CPU
		{0BDAC56B-C155-E135-E00D-719B61F907BE}.Debug|Any CPU.ActiveCfg = Debug|Any CPU
		{0BDAC56B-C155-E135-E00D-719B61F907BE}.Debug|Any CPU.Build.0 = Debug|Any CPU
		{0BDAC56B-C155-E135-E00D-719B61F907BE}.Release|Any CPU.ActiveCfg = Release|Any CPU
		{0BDAC56B-C155-E135-E00D-719B61F907BE}.Release|Any CPU.Build.0 = Release|Any CPU
	EndGlobalSection
	GlobalSection(SolutionProperties) = preSolution
		HideSolutionNode = FALSE
	EndGlobalSection
EndGlobal
